
Microsoft Visual Studio Solution File, Format Version 12.00
# Visual Studio Version 17
VisualStudioVersion = 17.3.32901.215
MinimumVisualStudioVersion = 10.0.40219.1
Project("{FAE04EC0-301F-11D3-BF4B-00C04F79EFBC}") = "gamerclass n96", "gamerclass n96\gamerclass n96.csproj", "{9D6AC7DE-1181-4F4B-86A4-96BCCEA5FEF9}"
EndProject
Global
	GlobalSection(SolutionConfigurationPlatforms) = preSolution
		Debug|Any CPU = Debug|Any CPU
		Release|Any CPU = Release|Any CPU
	EndGlobalSection
	GlobalSection(ProjectConfigurationPlatforms) = postSolution
		{9D6AC7DE-1181-4F4B-86A4-96BCCEA5FEF9}.Debug|Any CPU.ActiveCfg = Debug|Any CPU
		{9D6AC7DE-1181-4F4B-86A4-96BCCEA5FEF9}.Debug|Any CPU.Build.0 = Debug|Any CPU
		{9D6AC7DE-1181-4F4B-86A4-96BCCEA5FEF9}.Release|Any CPU.ActiveCfg = Release|Any CPU
		{9D6AC7DE-1181-4F4B-86A4-96BCCEA5FEF9}.Release|Any CPU.Build.0 = Release|Any CPU
	EndGlobalSection
	GlobalSection(SolutionProperties) = preSolution
		HideSolutionNode = FALSE
	EndGlobalSection
	GlobalSection(ExtensibilityGlobals) = postSolution
		SolutionGuid = {316E3E97-331C-43E8-B2D9-92C4DC332DC9}
	EndGlobalSection
EndGlobal
